
Microsoft Visual Studio Solution File, Format Version 12.00
# Visual Studio 15
Project("{FAE04EC0-301F-11D3-BF4B-00C04F79EFBC}") = "Assembly-CSharp", "Assembly-CSharp.csproj", "{7FA81DD0-9148-BA0C-0294-42C5D35A67C2}"
EndProject
Project("{FAE04EC0-301F-11D3-BF4B-00C04F79EFBC}") = "Oculus.VR", "Oculus.VR.csproj", "{2AC3425E-CEC3-187A-59BE-C13AB8EAC476}"
EndProject
Project("{FAE04EC0-301F-11D3-BF4B-00C04F79EFBC}") = "Oculus.Platform", "Oculus.Platform.csproj", "{7D88B856-A9BB-5EDE-2229-02314E0C8025}"
EndProject
Project("{FAE04EC0-301F-11D3-BF4B-00C04F79EFBC}") = "Assembly-CSharp-Editor", "Assembly-CSharp-Editor.csproj", "{22A32FC4-F856-7912-4E54-73DF67C7C755}"
EndProject
Project("{FAE04EC0-301F-11D3-BF4B-00C04F79EFBC}") = "Oculus.VR.Scripts.Editor", "Oculus.VR.Scripts.Editor.csproj", "{FC89D8D2-54D7-5D50-794C-B03CBD3B5CBE}"
EndProject
Project("{FAE04EC0-301F-11D3-BF4B-00C04F79EFBC}") = "Oculus.VR.Editor", "Oculus.VR.Editor.csproj", "{1C40C2C6-84FC-5C90-0BAC-E438364DA954}"
EndProject
Project("{FAE04EC0-301F-11D3-BF4B-00C04F79EFBC}") = "Oculus.Platform.Editor", "Oculus.Platform.Editor.csproj", "{FAB367B6-4E21-6701-9A65-1BC6FF0C1C4A}"
EndProject
Global
	GlobalSection(SolutionConfigurationPlatforms) = preSolution
		Debug|Any CPU = Debug|Any CPU
		Release|Any CPU = Release|Any CPU
	EndGlobalSection
	GlobalSection(ProjectConfigurationPlatforms) = postSolution
		{7FA81DD0-9148-BA0C-0294-42C5D35A67C2}.Debug|Any CPU.ActiveCfg = Debug|Any CPU
		{7FA81DD0-9148-BA0C-0294-42C5D35A67C2}.Debug|Any CPU.Build.0 = Debug|Any CPU
		{7FA81DD0-9148-BA0C-0294-42C5D35A67C2}.Release|Any CPU.ActiveCfg = Release|Any CPU
		{7FA81DD0-9148-BA0C-0294-42C5D35A67C2}.Release|Any CPU.Build.0 = Release|Any CPU
		{2AC3425E-CEC3-187A-59BE-C13AB8EAC476}.Debug|Any CPU.ActiveCfg = Debug|Any CPU
		{2AC3425E-CEC3-187A-59BE-C13AB8EAC476}.Debug|Any CPU.Build.0 = Debug|Any CPU
		{2AC3425E-CEC3-187A-59BE-C13AB8EAC476}.Release|Any CPU.ActiveCfg = Release|Any CPU
		{2AC3425E-CEC3-187A-59BE-C13AB8EAC476}.Release|Any CPU.Build.0 = Release|Any CPU
		{7D88B856-A9BB-5EDE-2229-02314E0C8025}.Debug|Any CPU.ActiveCfg = Debug|Any CPU
		{7D88B856-A9BB-5EDE-2229-02314E0C8025}.Debug|Any CPU.Build.0 = Debug|Any CPU
		{7D88B856-A9BB-5EDE-2229-02314E0C8025}.Release|Any CPU.ActiveCfg = Release|Any CPU
		{7D88B856-A9BB-5EDE-2229-02314E0C8025}.Release|Any CPU.Build.0 = Release|Any CPU
		{22A32FC4-F856-7912-4E54-73DF67C7C755}.Debug|Any CPU.ActiveCfg = Debug|Any CPU
		{22A32FC4-F856-7912-4E54-73DF67C7C755}.Debug|Any CPU.Build.0 = Debug|Any CPU
		{22A32FC4-F856-7912-4E54-73DF67C7C755}.Release|Any CPU.ActiveCfg = Release|Any CPU
		{22A32FC4-F856-7912-4E54-73DF67C7C755}.Release|Any CPU.Build.0 = Release|Any CPU
		{FC89D8D2-54D7-5D50-794C-B03CBD3B5CBE}.Debug|Any CPU.ActiveCfg = Debug|Any CPU
		{FC89D8D2-54D7-5D50-794C-B03CBD3B5CBE}.Debug|Any CPU.Build.0 = Debug|Any CPU
		{FC89D8D2-54D7-5D50-794C-B03CBD3B5CBE}.Release|Any CPU.ActiveCfg = Release|Any CPU
		{FC89D8D2-54D7-5D50-794C-B03CBD3B5CBE}.Release|Any CPU.Build.0 = Release|Any CPU
		{1C40C2C6-84FC-5C90-0BAC-E438364DA954}.Debug|Any CPU.ActiveCfg = Debug|Any CPU
		{1C40C2C6-84FC-5C90-0BAC-E438364DA954}.Debug|Any CPU.Build.0 = Debug|Any CPU
		{1C40C2C6-84FC-5C90-0BAC-E438364DA954}.Release|Any CPU.ActiveCfg = Release|Any CPU
		{1C40C2C6-84FC-5C90-0BAC-E438364DA954}.Release|Any CPU.Build.0 = Release|Any CPU
		{FAB367B6-4E21-6701-9A65-1BC6FF0C1C4A}.Debug|Any CPU.ActiveCfg = Debug|Any CPU
		{FAB367B6-4E21-6701-9A65-1BC6FF0C1C4A}.Debug|Any CPU.Build.0 = Debug|Any CPU
		{FAB367B6-4E21-6701-9A65-1BC6FF0C1C4A}.Release|Any CPU.ActiveCfg = Release|Any CPU
		{FAB367B6-4E21-6701-9A65-1BC6FF0C1C4A}.Release|Any CPU.Build.0 = Release|Any CPU
	EndGlobalSection
	GlobalSection(SolutionProperties) = preSolution
		HideSolutionNode = FALSE
	EndGlobalSection
EndGlobal
